Microsoft Visual Studio Solution File, Format Version 11.00
# Visual Studio 2010
Project("{FAE04EC0-301F-11D3-BF4B-00C04F79EFBC}") = "StructureMap", "StructureMap.csproj", "{3F36EA80-2F9A-4DAD-BA27-5AC6163A2EE3}"
EndProject
Project("{FAE04EC0-301F-11D3-BF4B-00C04F79EFBC}") = "StructureMap.Testing.Widget2", "..\StructureMap.Testing.Widget2\StructureMap.Testing.Widget2.csproj", "{027E996C-75E8-40F8-9073-0E3B77A6BE1F}"
EndProject
Project("{FAE04EC0-301F-11D3-BF4B-00C04F79EFBC}") = "StructureMap.Testing.Widget", "..\StructureMap.Testing.Widget\StructureMap.Testing.Widget.csproj", "{E21E1651-3E32-47B7-A290-F461E63FEAD2}"
EndProject
Project("{FAE04EC0-301F-11D3-BF4B-00C04F79EFBC}") = "StructureMap.Testing", "..\StructureMap.Testing\StructureMap.Testing.csproj", "{63C2742D-B6E2-484F-AFDB-346873075C5E}"
EndProject
Global
	GlobalSection(SolutionConfigurationPlatforms) = preSolution
		Build|Any CPU = Build|Any CPU
		Debug|Any CPU = Debug|Any CPU
		Release|Any CPU = Release|Any CPU
	EndGlobalSection
	GlobalSection(ProjectConfigurationPlatforms) = postSolution
		{3F36EA80-2F9A-4DAD-BA27-5AC6163A2EE3}.Build|Any CPU.ActiveCfg = Build|Any CPU
		{3F36EA80-2F9A-4DAD-BA27-5AC6163A2EE3}.Build|Any CPU.Build.0 = Build|Any CPU
		{3F36EA80-2F9A-4DAD-BA27-5AC6163A2EE3}.Debug|Any CPU.ActiveCfg = Debug|Any CPU
		{3F36EA80-2F9A-4DAD-BA27-5AC6163A2EE3}.Debug|Any CPU.Build.0 = Debug|Any CPU
		{3F36EA80-2F9A-4DAD-BA27-5AC6163A2EE3}.Release|Any CPU.ActiveCfg = Release|Any CPU
		{3F36EA80-2F9A-4DAD-BA27-5AC6163A2EE3}.Release|Any CPU.Build.0 = Release|Any CPU
		{027E996C-75E8-40F8-9073-0E3B77A6BE1F}.Build|Any CPU.ActiveCfg = Release|Any CPU
		{027E996C-75E8-40F8-9073-0E3B77A6BE1F}.Build|Any CPU.Build.0 = Release|Any CPU
		{027E996C-75E8-40F8-9073-0E3B77A6BE1F}.Debug|Any CPU.ActiveCfg = Debug|Any CPU
		{027E996C-75E8-40F8-9073-0E3B77A6BE1F}.Debug|Any CPU.Build.0 = Debug|Any CPU
		{027E996C-75E8-40F8-9073-0E3B77A6BE1F}.Release|Any CPU.ActiveCfg = Release|Any CPU
		{027E996C-75E8-40F8-9073-0E3B77A6BE1F}.Release|Any CPU.Build.0 = Release|Any CPU
		{E21E1651-3E32-47B7-A290-F461E63FEAD2}.Build|Any CPU.ActiveCfg = Release|Any CPU
		{E21E1651-3E32-47B7-A290-F461E63FEAD2}.Build|Any CPU.Build.0 = Release|Any CPU
		{E21E1651-3E32-47B7-A290-F461E63FEAD2}.Debug|Any CPU.ActiveCfg = Debug|Any CPU
		{E21E1651-3E32-47B7-A290-F461E63FEAD2}.Debug|Any CPU.Build.0 = Debug|Any CPU
		{E21E1651-3E32-47B7-A290-F461E63FEAD2}.Release|Any CPU.ActiveCfg = Release|Any CPU
		{E21E1651-3E32-47B7-A290-F461E63FEAD2}.Release|Any CPU.Build.0 = Release|Any CPU
		{63C2742D-B6E2-484F-AFDB-346873075C5E}.Build|Any CPU.ActiveCfg = Release|Any CPU
		{63C2742D-B6E2-484F-AFDB-346873075C5E}.Build|Any CPU.Build.0 = Release|Any CPU
		{63C2742D-B6E2-484F-AFDB-346873075C5E}.Debug|Any CPU.ActiveCfg = Debug|Any CPU
		{63C2742D-B6E2-484F-AFDB-346873075C5E}.Debug|Any CPU.Build.0 = Debug|Any CPU
		{63C2742D-B6E2-484F-AFDB-346873075C5E}.Release|Any CPU.ActiveCfg = Release|Any CPU
		{63C2742D-B6E2-484F-AFDB-346873075C5E}.Release|Any CPU.Build.0 = Release|Any CPU
	EndGlobalSection
	GlobalSection(SolutionProperties) = preSolution
		HideSolutionNode = FALSE
	EndGlobalSection
EndGlobal
